
Microsoft Visual Studio Solution File, Format Version 12.00
# Visual Studio Version 17
VisualStudioVersion = 17.9.34701.34
MinimumVisualStudioVersion = 10.0.40219.1
Project("{FAE04EC0-301F-11D3-BF4B-00C04F79EFBC}") = "CatFactApp", "CatFactApp\CatFactApp.csproj", "{1E37EE5B-9E7D-458D-9F9F-8807934C8272}"
EndProject
Global
	GlobalSection(SolutionConfigurationPlatforms) = preSolution
		Debug|Any CPU = Debug|Any CPU
		Release|Any CPU = Release|Any CPU
	EndGlobalSection
	GlobalSection(ProjectConfigurationPlatforms) = postSolution
		{1E37EE5B-9E7D-458D-9F9F-8807934C8272}.Debug|Any CPU.ActiveCfg = Debug|Any CPU
		{1E37EE5B-9E7D-458D-9F9F-8807934C8272}.Debug|Any CPU.Build.0 = Debug|Any CPU
		{1E37EE5B-9E7D-458D-9F9F-8807934C8272}.Release|Any CPU.ActiveCfg = Release|Any CPU
		{1E37EE5B-9E7D-458D-9F9F-8807934C8272}.Release|Any CPU.Build.0 = Release|Any CPU
	EndGlobalSection
	GlobalSection(SolutionProperties) = preSolution
		HideSolutionNode = FALSE
	EndGlobalSection
	GlobalSection(ExtensibilityGlobals) = postSolution
		SolutionGuid = {357B956C-870C-4B4C-A965-47D2DD167F8C}
	EndGlobalSection
EndGlobal
